
Microsoft Visual Studio Solution File, Format Version 12.00
# Visual Studio 15
VisualStudioVersion = 15.0.28307.168
MinimumVisualStudioVersion = 10.0.40219.1
Project("{FAE04EC0-301F-11D3-BF4B-00C04F79EFBC}") = "DocumentsInRange", "DocumentsInRange\DocumentsInRange.csproj", "{E4ADE1CF-88EC-4FBE-AB36-7CD72AD7C600}"
EndProject
Project("{FAE04EC0-301F-11D3-BF4B-00C04F79EFBC}") = "DocumentsInRange.Test", "DocumentsInRange.Test\DocumentsInRange.Test.csproj", "{B8CAB153-411D-4AE4-ACFF-3EDA5CB858DE}"
EndProject
Global
	GlobalSection(SolutionConfigurationPlatforms) = preSolution
		Debug|Any CPU = Debug|Any CPU
		Release|Any CPU = Release|Any CPU
	EndGlobalSection
	GlobalSection(ProjectConfigurationPlatforms) = postSolution
		{E4ADE1CF-88EC-4FBE-AB36-7CD72AD7C600}.Debug|Any CPU.ActiveCfg = Debug|Any CPU
		{E4ADE1CF-88EC-4FBE-AB36-7CD72AD7C600}.Debug|Any CPU.Build.0 = Debug|Any CPU
		{E4ADE1CF-88EC-4FBE-AB36-7CD72AD7C600}.Release|Any CPU.ActiveCfg = Release|Any CPU
		{E4ADE1CF-88EC-4FBE-AB36-7CD72AD7C600}.Release|Any CPU.Build.0 = Release|Any CPU
		{B8CAB153-411D-4AE4-ACFF-3EDA5CB858DE}.Debug|Any CPU.ActiveCfg = Debug|Any CPU
		{B8CAB153-411D-4AE4-ACFF-3EDA5CB858DE}.Debug|Any CPU.Build.0 = Debug|Any CPU
		{B8CAB153-411D-4AE4-ACFF-3EDA5CB858DE}.Release|Any CPU.ActiveCfg = Release|Any CPU
		{B8CAB153-411D-4AE4-ACFF-3EDA5CB858DE}.Release|Any CPU.Build.0 = Release|Any CPU
	EndGlobalSection
	GlobalSection(SolutionProperties) = preSolution
		HideSolutionNode = FALSE
	EndGlobalSection
	GlobalSection(ExtensibilityGlobals) = postSolution
		SolutionGuid = {F52E7008-811F-4361-8994-81C034C604CC}
	EndGlobalSection
EndGlobal
